
Microsoft Visual Studio Solution File, Format Version 12.00
# Visual Studio Version 16
VisualStudioVersion = 16.0.29911.84
MinimumVisualStudioVersion = 10.0.40219.1
Project("{9A19103F-16F7-4668-BE54-9A1E7A4F7556}") = "ConsoleUI", "shopping-list-calculator\ConsoleUI.csproj", "{771814C8-4617-49BF-9F6F-7FF253BEC9F8}"
EndProject
Global
	GlobalSection(SolutionConfigurationPlatforms) = preSolution
		Debug|Any CPU = Debug|Any CPU
		Release|Any CPU = Release|Any CPU
	EndGlobalSection
	GlobalSection(ProjectConfigurationPlatforms) = postSolution
		{771814C8-4617-49BF-9F6F-7FF253BEC9F8}.Debug|Any CPU.ActiveCfg = Debug|Any CPU
		{771814C8-4617-49BF-9F6F-7FF253BEC9F8}.Debug|Any CPU.Build.0 = Debug|Any CPU
		{771814C8-4617-49BF-9F6F-7FF253BEC9F8}.Release|Any CPU.ActiveCfg = Release|Any CPU
		{771814C8-4617-49BF-9F6F-7FF253BEC9F8}.Release|Any CPU.Build.0 = Release|Any CPU
	EndGlobalSection
	GlobalSection(SolutionProperties) = preSolution
		HideSolutionNode = FALSE
	EndGlobalSection
	GlobalSection(ExtensibilityGlobals) = postSolution
		SolutionGuid = {0A8C8B97-6ED0-419D-98F3-11D7921BA970}
	EndGlobalSection
EndGlobal
